
Microsoft Visual Studio Solution File, Format Version 12.00
# Visual Studio Version 17
VisualStudioVersion = 17.4.33213.308
MinimumVisualStudioVersion = 10.0.40219.1
Project("{2150E333-8FDC-42A3-9474-1A3956D46DE8}") = "Src", "Src", "{308095CE-BDF6-4154-986E-EE753B17CDB6}"
EndProject
Project("{2150E333-8FDC-42A3-9474-1A3956D46DE8}") = "Tests", "Tests", "{5A73F1D4-1415-440C-92AE-A998F0A80248}"
EndProject
Project("{2150E333-8FDC-42A3-9474-1A3956D46DE8}") = "Doc", "Doc", "{473B5709-6FC0-4548-9E9D-DBC921CD3994}"
EndProject
Project("{2150E333-8FDC-42A3-9474-1A3956D46DE8}") = "SolutionItems", "SolutionItems", "{943D7507-A488-4727-A0B8-E94355C64970}"
EndProject
Project("{2150E333-8FDC-42A3-9474-1A3956D46DE8}") = "Core", "Core", "{B56053EE-54EC-4F55-98E1-BB5C8B031630}"
EndProject
Project("{9A19103F-16F7-4668-BE54-9A1E7A4F7556}") = "Domain", "Domain\Domain.csproj", "{547B3C33-F776-4B3D-A0FA-23402325D2E3}"
EndProject
Project("{9A19103F-16F7-4668-BE54-9A1E7A4F7556}") = "Application", "Application\Application.csproj", "{BBC81E75-134F-4208-AADA-C4FF749D9296}"
EndProject
Project("{2150E333-8FDC-42A3-9474-1A3956D46DE8}") = "Presentation", "Presentation", "{36CA9BDE-1A4B-4C03-91B8-BEFE4B4F93EC}"
EndProject
Project("{2150E333-8FDC-42A3-9474-1A3956D46DE8}") = "Infrastructure-", "Infrastructure-", "{3D26EEEC-F715-4662-81A7-E0BEE0D5A0CF}"
EndProject
Project("{9A19103F-16F7-4668-BE54-9A1E7A4F7556}") = "Persistence", "Persistence\Persistence.csproj", "{1D5865E2-709F-4709-A01A-2E0C04A546A0}"
EndProject
Project("{FAE04EC0-301F-11D3-BF4B-00C04F79EFBC}") = "Infrastructure", "Infrastructure\Infrastructure.csproj", "{309B496E-1757-4308-971E-C960E780CB0A}"
EndProject
Project("{FAE04EC0-301F-11D3-BF4B-00C04F79EFBC}") = "WebSite.EndPoint", "WebSite.EndPoint\WebSite.EndPoint.csproj", "{9534C9A1-F79A-41BB-B5BE-9210906A6EF5}"
EndProject
Global
	GlobalSection(SolutionConfigurationPlatforms) = preSolution
		Debug|Any CPU = Debug|Any CPU
		Release|Any CPU = Release|Any CPU
	EndGlobalSection
	GlobalSection(ProjectConfigurationPlatforms) = postSolution
		{547B3C33-F776-4B3D-A0FA-23402325D2E3}.Debug|Any CPU.ActiveCfg = Debug|Any CPU
		{547B3C33-F776-4B3D-A0FA-23402325D2E3}.Debug|Any CPU.Build.0 = Debug|Any CPU
		{547B3C33-F776-4B3D-A0FA-23402325D2E3}.Release|Any CPU.ActiveCfg = Release|Any CPU
		{547B3C33-F776-4B3D-A0FA-23402325D2E3}.Release|Any CPU.Build.0 = Release|Any CPU
		{BBC81E75-134F-4208-AADA-C4FF749D9296}.Debug|Any CPU.ActiveCfg = Debug|Any CPU
		{BBC81E75-134F-4208-AADA-C4FF749D9296}.Debug|Any CPU.Build.0 = Debug|Any CPU
		{BBC81E75-134F-4208-AADA-C4FF749D9296}.Release|Any CPU.ActiveCfg = Release|Any CPU
		{BBC81E75-134F-4208-AADA-C4FF749D9296}.Release|Any CPU.Build.0 = Release|Any CPU
		{1D5865E2-709F-4709-A01A-2E0C04A546A0}.Debug|Any CPU.ActiveCfg = Debug|Any CPU
		{1D5865E2-709F-4709-A01A-2E0C04A546A0}.Debug|Any CPU.Build.0 = Debug|Any CPU
		{1D5865E2-709F-4709-A01A-2E0C04A546A0}.Release|Any CPU.ActiveCfg = Release|Any CPU
		{1D5865E2-709F-4709-A01A-2E0C04A546A0}.Release|Any CPU.Build.0 = Release|Any CPU
		{309B496E-1757-4308-971E-C960E780CB0A}.Debug|Any CPU.ActiveCfg = Debug|Any CPU
		{309B496E-1757-4308-971E-C960E780CB0A}.Debug|Any CPU.Build.0 = Debug|Any CPU
		{309B496E-1757-4308-971E-C960E780CB0A}.Release|Any CPU.ActiveCfg = Release|Any CPU
		{309B496E-1757-4308-971E-C960E780CB0A}.Release|Any CPU.Build.0 = Release|Any CPU
		{9534C9A1-F79A-41BB-B5BE-9210906A6EF5}.Debug|Any CPU.ActiveCfg = Debug|Any CPU
		{9534C9A1-F79A-41BB-B5BE-9210906A6EF5}.Debug|Any CPU.Build.0 = Debug|Any CPU
		{9534C9A1-F79A-41BB-B5BE-9210906A6EF5}.Release|Any CPU.ActiveCfg = Release|Any CPU
		{9534C9A1-F79A-41BB-B5BE-9210906A6EF5}.Release|Any CPU.Build.0 = Release|Any CPU
	EndGlobalSection
	GlobalSection(SolutionProperties) = preSolution
		HideSolutionNode = FALSE
	EndGlobalSection
	GlobalSection(NestedProjects) = preSolution
		{B56053EE-54EC-4F55-98E1-BB5C8B031630} = {308095CE-BDF6-4154-986E-EE753B17CDB6}
		{547B3C33-F776-4B3D-A0FA-23402325D2E3} = {B56053EE-54EC-4F55-98E1-BB5C8B031630}
		{BBC81E75-134F-4208-AADA-C4FF749D9296} = {B56053EE-54EC-4F55-98E1-BB5C8B031630}
		{36CA9BDE-1A4B-4C03-91B8-BEFE4B4F93EC} = {308095CE-BDF6-4154-986E-EE753B17CDB6}
		{3D26EEEC-F715-4662-81A7-E0BEE0D5A0CF} = {308095CE-BDF6-4154-986E-EE753B17CDB6}
		{1D5865E2-709F-4709-A01A-2E0C04A546A0} = {3D26EEEC-F715-4662-81A7-E0BEE0D5A0CF}
		{309B496E-1757-4308-971E-C960E780CB0A} = {3D26EEEC-F715-4662-81A7-E0BEE0D5A0CF}
		{9534C9A1-F79A-41BB-B5BE-9210906A6EF5} = {36CA9BDE-1A4B-4C03-91B8-BEFE4B4F93EC}
	EndGlobalSection
	GlobalSection(ExtensibilityGlobals) = postSolution
		SolutionGuid = {07445CBB-670D-4A28-BD03-D0E41EA223BA}
	EndGlobalSection
EndGlobal
